
Microsoft Visual Studio Solution File, Format Version 12.00
# Visual Studio Version 17
VisualStudioVersion = 17.4.33103.184
MinimumVisualStudioVersion = 10.0.40219.1
Project("{9A19103F-16F7-4668-BE54-9A1E7A4F7556}") = "TechTreeWebApp", "TechTreeWebApp\TechTreeWebApp.csproj", "{2EBD54A2-62A0-4622-A0EE-257EA83593DB}"
EndProject
Project("{2150E333-8FDC-42A3-9474-1A3956D46DE8}") = "Solution Items", "Solution Items", "{090B85AB-F64E-43F8-8C7B-4E2CC7EC2640}"
	ProjectSection(SolutionItems) = preProject
		.editorconfig = .editorconfig
	EndProjectSection
EndProject
Global
	GlobalSection(SolutionConfigurationPlatforms) = preSolution
		Debug|Any CPU = Debug|Any CPU
		Release|Any CPU = Release|Any CPU
	EndGlobalSection
	GlobalSection(ProjectConfigurationPlatforms) = postSolution
		{2EBD54A2-62A0-4622-A0EE-257EA83593DB}.Debug|Any CPU.ActiveCfg = Debug|Any CPU
		{2EBD54A2-62A0-4622-A0EE-257EA83593DB}.Debug|Any CPU.Build.0 = Debug|Any CPU
		{2EBD54A2-62A0-4622-A0EE-257EA83593DB}.Release|Any CPU.ActiveCfg = Release|Any CPU
		{2EBD54A2-62A0-4622-A0EE-257EA83593DB}.Release|Any CPU.Build.0 = Release|Any CPU
	EndGlobalSection
	GlobalSection(SolutionProperties) = preSolution
		HideSolutionNode = FALSE
	EndGlobalSection
	GlobalSection(ExtensibilityGlobals) = postSolution
		SolutionGuid = {8A7746A4-5520-46D4-9C14-26407EBA159E}
	EndGlobalSection
EndGlobal
